
Microsoft Visual Studio Solution File, Format Version 12.00
# Visual Studio Version 17
VisualStudioVersion = 17.7.34221.43
MinimumVisualStudioVersion = 10.0.40219.1
Project("{FAE04EC0-301F-11D3-BF4B-00C04F79EFBC}") = "HW_Calculator", "HW_Calculator.csproj", "{685764E5-3B8E-4165-A8A1-86FAD207DF4B}"
EndProject
Global
	GlobalSection(SolutionConfigurationPlatforms) = preSolution
		Debug|Any CPU = Debug|Any CPU
		Release|Any CPU = Release|Any CPU
	EndGlobalSection
	GlobalSection(ProjectConfigurationPlatforms) = postSolution
		{685764E5-3B8E-4165-A8A1-86FAD207DF4B}.Debug|Any CPU.ActiveCfg = Debug|Any CPU
		{685764E5-3B8E-4165-A8A1-86FAD207DF4B}.Debug|Any CPU.Build.0 = Debug|Any CPU
		{685764E5-3B8E-4165-A8A1-86FAD207DF4B}.Release|Any CPU.ActiveCfg = Release|Any CPU
		{685764E5-3B8E-4165-A8A1-86FAD207DF4B}.Release|Any CPU.Build.0 = Release|Any CPU
	EndGlobalSection
	GlobalSection(SolutionProperties) = preSolution
		HideSolutionNode = FALSE
	EndGlobalSection
	GlobalSection(ExtensibilityGlobals) = postSolution
		SolutionGuid = {B539F091-69B0-4782-993E-A0902E503D25}
	EndGlobalSection
EndGlobal
